
Microsoft Visual Studio Solution File, Format Version 12.00
# Visual Studio Version 17
VisualStudioVersion = 17.5.002.0
MinimumVisualStudioVersion = 10.0.40219.1
Project("{9A19103F-16F7-4668-BE54-9A1E7A4F7556}") = "csdl-graph", "csdl-graph\csdl-graph.csproj", "{A5548FD4-C4F5-46CD-B0C0-A284051E957F}"
EndProject
Project("{9A19103F-16F7-4668-BE54-9A1E7A4F7556}") = "csdl-graph.tests", "csdl-graph.tests\csdl-graph.tests.csproj", "{B92C9B7B-01FE-4693-9292-57B15C75142B}"
EndProject
Global
	GlobalSection(SolutionConfigurationPlatforms) = preSolution
		Debug|Any CPU = Debug|Any CPU
		Release|Any CPU = Release|Any CPU
	EndGlobalSection
	GlobalSection(ProjectConfigurationPlatforms) = postSolution
		{A5548FD4-C4F5-46CD-B0C0-A284051E957F}.Debug|Any CPU.ActiveCfg = Debug|Any CPU
		{A5548FD4-C4F5-46CD-B0C0-A284051E957F}.Debug|Any CPU.Build.0 = Debug|Any CPU
		{A5548FD4-C4F5-46CD-B0C0-A284051E957F}.Release|Any CPU.ActiveCfg = Release|Any CPU
		{A5548FD4-C4F5-46CD-B0C0-A284051E957F}.Release|Any CPU.Build.0 = Release|Any CPU
		{B92C9B7B-01FE-4693-9292-57B15C75142B}.Debug|Any CPU.ActiveCfg = Debug|Any CPU
		{B92C9B7B-01FE-4693-9292-57B15C75142B}.Debug|Any CPU.Build.0 = Debug|Any CPU
		{B92C9B7B-01FE-4693-9292-57B15C75142B}.Release|Any CPU.ActiveCfg = Release|Any CPU
		{B92C9B7B-01FE-4693-9292-57B15C75142B}.Release|Any CPU.Build.0 = Release|Any CPU
	EndGlobalSection
	GlobalSection(SolutionProperties) = preSolution
		HideSolutionNode = FALSE
	EndGlobalSection
	GlobalSection(ExtensibilityGlobals) = postSolution
		SolutionGuid = {0E1F81F5-1165-4C5B-A390-F630816B6EA4}
	EndGlobalSection
EndGlobal
