
Microsoft Visual Studio Solution File, Format Version 12.00
# Visual Studio Version 17
VisualStudioVersion = 17.5.002.0
MinimumVisualStudioVersion = 10.0.40219.1
Project("{9A19103F-16F7-4668-BE54-9A1E7A4F7556}") = "csdl-graph", "csdl-graph\csdl-graph.csproj", "{F6ADC1D2-3DF5-41A8-8EED-5E7C1974707C}"
EndProject
Project("{9A19103F-16F7-4668-BE54-9A1E7A4F7556}") = "csdl-graph.tests", "csdl-graph.tests\csdl-graph.tests.csproj", "{7D805641-C5EC-4436-9790-F05073520EF5}"
EndProject
Global
	GlobalSection(SolutionConfigurationPlatforms) = preSolution
		Debug|Any CPU = Debug|Any CPU
		Release|Any CPU = Release|Any CPU
	EndGlobalSection
	GlobalSection(ProjectConfigurationPlatforms) = postSolution
		{F6ADC1D2-3DF5-41A8-8EED-5E7C1974707C}.Debug|Any CPU.ActiveCfg = Debug|Any CPU
		{F6ADC1D2-3DF5-41A8-8EED-5E7C1974707C}.Debug|Any CPU.Build.0 = Debug|Any CPU
		{F6ADC1D2-3DF5-41A8-8EED-5E7C1974707C}.Release|Any CPU.ActiveCfg = Release|Any CPU
		{F6ADC1D2-3DF5-41A8-8EED-5E7C1974707C}.Release|Any CPU.Build.0 = Release|Any CPU
		{7D805641-C5EC-4436-9790-F05073520EF5}.Debug|Any CPU.ActiveCfg = Debug|Any CPU
		{7D805641-C5EC-4436-9790-F05073520EF5}.Debug|Any CPU.Build.0 = Debug|Any CPU
		{7D805641-C5EC-4436-9790-F05073520EF5}.Release|Any CPU.ActiveCfg = Release|Any CPU
		{7D805641-C5EC-4436-9790-F05073520EF5}.Release|Any CPU.Build.0 = Release|Any CPU
	EndGlobalSection
	GlobalSection(SolutionProperties) = preSolution
		HideSolutionNode = FALSE
	EndGlobalSection
	GlobalSection(ExtensibilityGlobals) = postSolution
		SolutionGuid = {A3D4FBD8-EB9E-4F88-ACB1-C9A8C5D46E78}
	EndGlobalSection
EndGlobal
